lockfileVersion: '9.0'

settings:
  autoInstallPeers: true
  excludeLinksFromLockfile: false

importers:

  .:
    dependencies:
      '@langchain/qdrant':
        specifier: ^0.1.1
        version: 0.1.1(@langchain/core@0.3.26)(typescript@5.7.2)
      ollama:
        specifier: link:@langchain/community/embeddings/ollama
        version: link:@langchain/community/embeddings/ollama

packages:

  '@cfworker/json-schema@4.0.3':
    resolution: {integrity: sha512-ZykIcDTVv5UNmKWSTLAs3VukO6NDJkkSKxrgUTDPBkAlORVT3H9n5DbRjRl8xIotklscHdbLIa0b9+y3mQq73g==}

  '@fastify/busboy@2.1.1':
    resolution: {integrity: sha512-vBZP4NlzfOlerQTnba4aqZoMhE/a9HY7HRqoOPaETQcSQuWEIyZMHGfVu6w9wGtGK5fED5qRs2DteVCjOH60sA==}
    engines: {node: '>=14'}

  '@langchain/core@0.3.26':
    resolution: {integrity: sha512-6RUQHEp8wv+JwtYIIEBYBzbLlcAQZFc7EDOgAM0ukExjh9HiXoJzoWpgMRRCrr/koIbtwXPJUqBprZK1I1CXHQ==}
    engines: {node: '>=18'}

  '@langchain/qdrant@0.1.1':
    resolution: {integrity: sha512-v0A8wMO6x1XnYKgaXoqWUQAkeOvwcUIQPc1tM5sDTuU3JdQrhZDfuaSg7LJAh0wXJ9Eud7MwpkjYHWUiuE17/A==}
    engines: {node: '>=18'}
    peerDependencies:
      '@langchain/core': '>=0.2.21 <0.4.0'

  '@qdrant/js-client-rest@1.12.0':
    resolution: {integrity: sha512-H8VokZq2DYe9yfKG3c7xPNR+Oc5ZvwMUtPEr1wUO4xVi9w5P89MScJaCc9UW8mS5AR+/Y1h2t1YjSxBFPIYT2Q==}
    engines: {node: '>=18.0.0', pnpm: '>=8'}
    peerDependencies:
      typescript: '>=4.7'

  '@qdrant/openapi-typescript-fetch@1.2.6':
    resolution: {integrity: sha512-oQG/FejNpItrxRHoyctYvT3rwGZOnK4jr3JdppO/c78ktDvkWiPXPHNsrDf33K9sZdRb6PR7gi4noIapu5q4HA==}
    engines: {node: '>=18.0.0', pnpm: '>=8'}

  '@sevinf/maybe@0.5.0':
    resolution: {integrity: sha512-ARhyoYDnY1LES3vYI0fiG6e9esWfTNcXcO6+MPJJXcnyMV3bim4lnFt45VXouV7y82F4x3YH8nOQ6VztuvUiWg==}

  '@types/retry@0.12.0':
    resolution: {integrity: sha512-wWKOClTTiizcZhXnPY4wikVAwmdYHp8q6DmC+EJUzAMsycb7HB32Kh9RN4+0gExjmPmZSAQjgURXIGATPegAvA==}

  '@types/uuid@10.0.0':
    resolution: {integrity: sha512-7gqG38EyHgyP1S+7+xomFtL+ZNHcKv6DwNaCZmJmo1vgMugyF3TCnXVg4t1uk89mLNwnLtnY3TpOpCOyp1/xHQ==}

  ansi-styles@5.2.0:
    resolution: {integrity: sha512-Cxwpt2SfTzTtXcfOlzGEee8O+c+MmUgGrNiBcXnuWxuFJHe6a5Hz7qwhwe5OgaSYI0IJvkLqWX1ASG+cJOkEiA==}
    engines: {node: '>=10'}

  base64-js@1.5.1:
    resolution: {integrity: sha512-AKpaYlHn8t4SVbOHCy+b5+KKgvR4vrsD8vbvrbiQJps7fKDTkjkDry6ji0rUJjC0kzbNePLwzxq8iypo41qeWA==}

  camelcase@6.3.0:
    resolution: {integrity: sha512-Gmy6FhYlCY7uOElZUSbxo2UCDH8owEk996gkbrpsgGtrJLM3J7jGxl9Ic7Qwwj4ivOE5AWZWRMecDdF7hqGjFA==}
    engines: {node: '>=10'}

  commander@10.0.1:
    resolution: {integrity: sha512-y4Mg2tXshplEbSGzx7amzPwKKOCGuoSRP/CjEdwwk0FOGlUbq6lKuoyDZTNZkmxHdJtp54hdfY/JUrdL7Xfdug==}
    engines: {node: '>=14'}

  decamelize@1.2.0:
    resolution: {integrity: sha512-z2S+W9X73hAUUki+N+9Za2lBlun89zigOyGrsax+KUQ6wKW4ZoWpEYBkGhQjwAjjDCkWxhY0VKEhk8wzY7F5cA==}
    engines: {node: '>=0.10.0'}

  eventemitter3@4.0.7:
    resolution: {integrity: sha512-8guHBZCwKnFhYdHr2ysuRWErTwhoN2X8XELRlrRwpmfeY2jjuUN4taQMsULKUVo1K4DvZl+0pgfyoysHxvmvEw==}

  js-tiktoken@1.0.16:
    resolution: {integrity: sha512-nUVdO5k/M9llWpiaZlBBDdtmr6qWXwSD6fgaDu2zM8UP+OXxx9V37lFkI6w0/1IuaDx7WffZ37oYd9KvcWKElg==}

  langsmith@0.2.13:
    resolution: {integrity: sha512-16EOM5nhU6GlMCKGm5sgBIAKOKzS2d30qcDZmF21kSLZJiUhUNTROwvYdqgZLrGfIIzmSMJHCKA7RFd5qf50uw==}
    peerDependencies:
      openai: '*'
    peerDependenciesMeta:
      openai:
        optional: true

  mustache@4.2.0:
    resolution: {integrity: sha512-71ippSywq5Yb7/tVYyGbkBggbU8H3u5Rz56fH60jGFgr8uHwxs+aSKeqmluIVzM0m0kB7xQjKS6qPfd0b2ZoqQ==}
    hasBin: true

  p-finally@1.0.0:
    resolution: {integrity: sha512-LICb2p9CB7FS+0eR1oqWnHhp0FljGLZCWBE9aix0Uye9W8LTQPwMTYVGWQWIw9RdQiDg4+epXQODwIYJtSJaow==}
    engines: {node: '>=4'}

  p-queue@6.6.2:
    resolution: {integrity: sha512-RwFpb72c/BhQLEXIZ5K2e+AhgNVmIejGlTgiB9MzZ0e93GRvqZ7uSi0dvRF7/XIXDeNkra2fNHBxTyPDGySpjQ==}
    engines: {node: '>=8'}

  p-retry@4.6.2:
    resolution: {integrity: sha512-312Id396EbJdvRONlngUx0NydfrIQ5lsYu0znKVUzVvArzEIt08V1qhtyESbGVd1FGX7UKtiFp5uwKZdM8wIuQ==}
    engines: {node: '>=8'}

  p-timeout@3.2.0:
    resolution: {integrity: sha512-rhIwUycgwwKcP9yTOOFK/AKsAopjjCakVqLHePO3CC6Mir1Z99xT+R63jZxAT5lFZLa2inS5h+ZS2GvR99/FBg==}
    engines: {node: '>=8'}

  retry@0.13.1:
    resolution: {integrity: sha512-XQBQ3I8W1Cge0Seh+6gjj03LbmRFWuoszgK9ooCpwYIrhhoO80pfq4cUkU5DkknwfOfFteRwlZ56PYOGYyFWdg==}
    engines: {node: '>= 4'}

  semver@7.6.3:
    resolution: {integrity: sha512-oVekP1cKtI+CTDvHWYFUcMtsK/00wmAEfyqKfNdARm8u1wNVhSgaX7A8d4UuIlUI5e84iEwOhs7ZPYRmzU9U6A==}
    engines: {node: '>=10'}
    hasBin: true

  typescript@5.7.2:
    resolution: {integrity: sha512-i5t66RHxDvVN40HfDd1PsEThGNnlMCMT3jMUuoh9/0TaqWevNontacunWyN02LA9/fIbEWlcHZcgTKb9QoaLfg==}
    engines: {node: '>=14.17'}
    hasBin: true

  undici@5.28.4:
    resolution: {integrity: sha512-72RFADWFqKmUb2hmmvNODKL3p9hcB6Gt2DOQMis1SEBaV6a4MH8soBvzg+95CYhCKPFedut2JY9bMfrDl9D23g==}
    engines: {node: '>=14.0'}

  uuid@10.0.0:
    resolution: {integrity: sha512-8XkAphELsDnEGrDxUOHB3RGvXz6TeuYSGEZBOjtTtPm2lwhGBjLgOzLHB63IUWfBpNucQjND6d3AOudO+H3RWQ==}
    hasBin: true

  zod-to-json-schema@3.24.1:
    resolution: {integrity: sha512-3h08nf3Vw3Wl3PK+q3ow/lIil81IT2Oa7YpQyUUDsEWbXveMesdfK1xBd2RhCkynwZndAxixji/7SYJJowr62w==}
    peerDependencies:
      zod: ^3.24.1

  zod@3.24.1:
    resolution: {integrity: sha512-muH7gBL9sI1nciMZV67X5fTKKBLtwpZ5VBp1vsOQzj1MhrBZ4wlVCm3gedKZWLp0Oyel8sIGfeiz54Su+OVT+A==}

snapshots:

  '@cfworker/json-schema@4.0.3': {}

  '@fastify/busboy@2.1.1': {}

  '@langchain/core@0.3.26':
    dependencies:
      '@cfworker/json-schema': 4.0.3
      ansi-styles: 5.2.0
      camelcase: 6.3.0
      decamelize: 1.2.0
      js-tiktoken: 1.0.16
      langsmith: 0.2.13
      mustache: 4.2.0
      p-queue: 6.6.2
      p-retry: 4.6.2
      uuid: 10.0.0
      zod: 3.24.1
      zod-to-json-schema: 3.24.1(zod@3.24.1)
    transitivePeerDependencies:
      - openai

  '@langchain/qdrant@0.1.1(@langchain/core@0.3.26)(typescript@5.7.2)':
    dependencies:
      '@langchain/core': 0.3.26
      '@qdrant/js-client-rest': 1.12.0(typescript@5.7.2)
      uuid: 10.0.0
    transitivePeerDependencies:
      - typescript

  '@qdrant/js-client-rest@1.12.0(typescript@5.7.2)':
    dependencies:
      '@qdrant/openapi-typescript-fetch': 1.2.6
      '@sevinf/maybe': 0.5.0
      typescript: 5.7.2
      undici: 5.28.4

  '@qdrant/openapi-typescript-fetch@1.2.6': {}

  '@sevinf/maybe@0.5.0': {}

  '@types/retry@0.12.0': {}

  '@types/uuid@10.0.0': {}

  ansi-styles@5.2.0: {}

  base64-js@1.5.1: {}

  camelcase@6.3.0: {}

  commander@10.0.1: {}

  decamelize@1.2.0: {}

  eventemitter3@4.0.7: {}

  js-tiktoken@1.0.16:
    dependencies:
      base64-js: 1.5.1

  langsmith@0.2.13:
    dependencies:
      '@types/uuid': 10.0.0
      commander: 10.0.1
      p-queue: 6.6.2
      p-retry: 4.6.2
      semver: 7.6.3
      uuid: 10.0.0

  mustache@4.2.0: {}

  p-finally@1.0.0: {}

  p-queue@6.6.2:
    dependencies:
      eventemitter3: 4.0.7
      p-timeout: 3.2.0

  p-retry@4.6.2:
    dependencies:
      '@types/retry': 0.12.0
      retry: 0.13.1

  p-timeout@3.2.0:
    dependencies:
      p-finally: 1.0.0

  retry@0.13.1: {}

  semver@7.6.3: {}

  typescript@5.7.2: {}

  undici@5.28.4:
    dependencies:
      '@fastify/busboy': 2.1.1

  uuid@10.0.0: {}

  zod-to-json-schema@3.24.1(zod@3.24.1):
    dependencies:
      zod: 3.24.1

  zod@3.24.1: {}
